
Microsoft Visual Studio Solution File, Format Version 12.00
# Visual Studio 15
VisualStudioVersion = 15.0.26228.9
MinimumVisualStudioVersion = 10.0.40219.1
Project("{8BC9CEB8-8B4A-11D0-8D11-00A0C91BC942}") = "logapi", "logapi.vcxproj", "{EAC2A271-D81F-401D-BF5D-F4F71CCB28FB}"
EndProject
Project("{8BC9CEB8-8B4A-11D0-8D11-00A0C91BC942}") = "logtest", "..\logtest\logtest.vcxproj", "{D01F9A33-47EC-4DE6-933C-6BD8470CB0E8}"
	ProjectSection(ProjectDependencies) = postProject
		{EAC2A271-D81F-401D-BF5D-F4F71CCB28FB} = {EAC2A271-D81F-401D-BF5D-F4F71CCB28FB}
	EndProjectSection
EndProject
Global
	GlobalSection(SolutionConfigurationPlatforms) = preSolution
		Debug|Win32 = Debug|Win32
		Release|Win32 = Release|Win32
	EndGlobalSection
	GlobalSection(ProjectConfigurationPlatforms) = postSolution
		{EAC2A271-D81F-401D-BF5D-F4F71CCB28FB}.Debug|Win32.ActiveCfg = Debug|Win32
		{EAC2A271-D81F-401D-BF5D-F4F71CCB28FB}.Debug|Win32.Build.0 = Debug|Win32
		{EAC2A271-D81F-401D-BF5D-F4F71CCB28FB}.Release|Win32.ActiveCfg = Release|Win32
		{EAC2A271-D81F-401D-BF5D-F4F71CCB28FB}.Release|Win32.Build.0 = Release|Win32
		{D01F9A33-47EC-4DE6-933C-6BD8470CB0E8}.Debug|Win32.ActiveCfg = Debug|Win32
		{D01F9A33-47EC-4DE6-933C-6BD8470CB0E8}.Debug|Win32.Build.0 = Debug|Win32
		{D01F9A33-47EC-4DE6-933C-6BD8470CB0E8}.Release|Win32.ActiveCfg = Release|Win32
		{D01F9A33-47EC-4DE6-933C-6BD8470CB0E8}.Release|Win32.Build.0 = Release|Win32
	EndGlobalSection
	GlobalSection(SolutionProperties) = preSolution
		HideSolutionNode = FALSE
	EndGlobalSection
EndGlobal
